
Microsoft Visual Studio Solution File, Format Version 12.00
# Visual Studio 14
VisualStudioVersion = 14.0.24720.0
MinimumVisualStudioVersion = 10.0.40219.1
Project("{FAE04EC0-301F-11D3-BF4B-00C04F79EFBC}") = "Core", "Core\Core.csproj", "{24FACDDE-9A5C-4B53-A582-85FCCEAE5DAB}"
EndProject
Project("{FAE04EC0-301F-11D3-BF4B-00C04F79EFBC}") = "GetLink", "GetLink\GetLink.csproj", "{2A375704-0BF0-470C-9D3F-6EFFB07BD89D}"
EndProject
Project("{FAE04EC0-301F-11D3-BF4B-00C04F79EFBC}") = "GLHdOnline", "GLHdOnline\GLHdOnline.csproj", "{54D0DDD2-579F-499B-AD1D-EB90EC7E8952}"
EndProject
Project("{FAE04EC0-301F-11D3-BF4B-00C04F79EFBC}") = "PhimmoiNet", "PhimmoiNet\PhimmoiNet.csproj", "{1E73ED1B-40E9-4F77-831D-2399E02ABD6E}"
EndProject
Project("{FAE04EC0-301F-11D3-BF4B-00C04F79EFBC}") = "THttpWebRequest", "..\..\Pluralsight-Download\THttpWebRequest\THttpWebRequest.csproj", "{B3A737AC-70E9-4295-BBDB-5BC7F77945F3}"
EndProject
Global
	GlobalSection(SolutionConfigurationPlatforms) = preSolution
		Debug|Any CPU = Debug|Any CPU
		Release|Any CPU = Release|Any CPU
	EndGlobalSection
	GlobalSection(ProjectConfigurationPlatforms) = postSolution
		{24FACDDE-9A5C-4B53-A582-85FCCEAE5DAB}.Debug|Any CPU.ActiveCfg = Debug|Any CPU
		{24FACDDE-9A5C-4B53-A582-85FCCEAE5DAB}.Debug|Any CPU.Build.0 = Debug|Any CPU
		{24FACDDE-9A5C-4B53-A582-85FCCEAE5DAB}.Release|Any CPU.ActiveCfg = Release|Any CPU
		{24FACDDE-9A5C-4B53-A582-85FCCEAE5DAB}.Release|Any CPU.Build.0 = Release|Any CPU
		{2A375704-0BF0-470C-9D3F-6EFFB07BD89D}.Debug|Any CPU.ActiveCfg = Debug|Any CPU
		{2A375704-0BF0-470C-9D3F-6EFFB07BD89D}.Debug|Any CPU.Build.0 = Debug|Any CPU
		{2A375704-0BF0-470C-9D3F-6EFFB07BD89D}.Release|Any CPU.ActiveCfg = Release|Any CPU
		{2A375704-0BF0-470C-9D3F-6EFFB07BD89D}.Release|Any CPU.Build.0 = Release|Any CPU
		{54D0DDD2-579F-499B-AD1D-EB90EC7E8952}.Debug|Any CPU.ActiveCfg = Debug|Any CPU
		{54D0DDD2-579F-499B-AD1D-EB90EC7E8952}.Debug|Any CPU.Build.0 = Debug|Any CPU
		{54D0DDD2-579F-499B-AD1D-EB90EC7E8952}.Release|Any CPU.ActiveCfg = Release|Any CPU
		{54D0DDD2-579F-499B-AD1D-EB90EC7E8952}.Release|Any CPU.Build.0 = Release|Any CPU
		{1E73ED1B-40E9-4F77-831D-2399E02ABD6E}.Debug|Any CPU.ActiveCfg = Debug|Any CPU
		{1E73ED1B-40E9-4F77-831D-2399E02ABD6E}.Debug|Any CPU.Build.0 = Debug|Any CPU
		{1E73ED1B-40E9-4F77-831D-2399E02ABD6E}.Release|Any CPU.ActiveCfg = Release|Any CPU
		{1E73ED1B-40E9-4F77-831D-2399E02ABD6E}.Release|Any CPU.Build.0 = Release|Any CPU
		{B3A737AC-70E9-4295-BBDB-5BC7F77945F3}.Debug|Any CPU.ActiveCfg = Debug|Any CPU
		{B3A737AC-70E9-4295-BBDB-5BC7F77945F3}.Debug|Any CPU.Build.0 = Debug|Any CPU
		{B3A737AC-70E9-4295-BBDB-5BC7F77945F3}.Release|Any CPU.ActiveCfg = Release|Any CPU
		{B3A737AC-70E9-4295-BBDB-5BC7F77945F3}.Release|Any CPU.Build.0 = Release|Any CPU
	EndGlobalSection
	GlobalSection(SolutionProperties) = preSolution
		HideSolutionNode = FALSE
	EndGlobalSection
EndGlobal
